
Microsoft Visual Studio Solution File, Format Version 12.00
# Visual Studio Version 17
VisualStudioVersion = 17.9.34723.18
MinimumVisualStudioVersion = 10.0.40219.1
Project("{FAE04EC0-301F-11D3-BF4B-00C04F79EFBC}") = "MatukaKabel", "MatukaKabel\MatukaKabel.csproj", "{9ABB513E-E8F3-4EFB-BCD8-36E459161F66}"
EndProject
Global
	GlobalSection(SolutionConfigurationPlatforms) = preSolution
		Debug|Any CPU = Debug|Any CPU
		Release|Any CPU = Release|Any CPU
	EndGlobalSection
	GlobalSection(ProjectConfigurationPlatforms) = postSolution
		{9ABB513E-E8F3-4EFB-BCD8-36E459161F66}.Debug|Any CPU.ActiveCfg = Debug|Any CPU
		{9ABB513E-E8F3-4EFB-BCD8-36E459161F66}.Debug|Any CPU.Build.0 = Debug|Any CPU
		{9ABB513E-E8F3-4EFB-BCD8-36E459161F66}.Debug|Any CPU.Deploy.0 = Debug|Any CPU
		{9ABB513E-E8F3-4EFB-BCD8-36E459161F66}.Release|Any CPU.ActiveCfg = Release|Any CPU
		{9ABB513E-E8F3-4EFB-BCD8-36E459161F66}.Release|Any CPU.Build.0 = Release|Any CPU
		{9ABB513E-E8F3-4EFB-BCD8-36E459161F66}.Release|Any CPU.Deploy.0 = Release|Any CPU
	EndGlobalSection
	GlobalSection(SolutionProperties) = preSolution
		HideSolutionNode = FALSE
	EndGlobalSection
	GlobalSection(ExtensibilityGlobals) = postSolution
		SolutionGuid = {76B3562D-A56E-4326-9DD8-594CD67C0033}
	EndGlobalSection
EndGlobal
