
Microsoft Visual Studio Solution File, Format Version 12.00
# Visual Studio Version 17
VisualStudioVersion = 17.9.34616.47
MinimumVisualStudioVersion = 10.0.40219.1
Project("{FAE04EC0-301F-11D3-BF4B-00C04F79EFBC}") = "laborkaWPF", "laborkaWPF\laborkaWPF.csproj", "{DB58512F-8793-4456-9B80-3EDAB3D05750}"
EndProject
Global
	GlobalSection(SolutionConfigurationPlatforms) = preSolution
		Debug|Any CPU = Debug|Any CPU
		Release|Any CPU = Release|Any CPU
	EndGlobalSection
	GlobalSection(ProjectConfigurationPlatforms) = postSolution
		{DB58512F-8793-4456-9B80-3EDAB3D05750}.Debug|Any CPU.ActiveCfg = Debug|Any CPU
		{DB58512F-8793-4456-9B80-3EDAB3D05750}.Debug|Any CPU.Build.0 = Debug|Any CPU
		{DB58512F-8793-4456-9B80-3EDAB3D05750}.Release|Any CPU.ActiveCfg = Release|Any CPU
		{DB58512F-8793-4456-9B80-3EDAB3D05750}.Release|Any CPU.Build.0 = Release|Any CPU
	EndGlobalSection
	GlobalSection(SolutionProperties) = preSolution
		HideSolutionNode = FALSE
	EndGlobalSection
	GlobalSection(ExtensibilityGlobals) = postSolution
		SolutionGuid = {E2ED37F9-4F1A-495A-9F8E-1417F466AA9E}
	EndGlobalSection
EndGlobal
